// !$*UTF8*$!
{
	archiveVersion = 1;
	classes = {
	};
	objectVersion = 46;
	objects = {

/* Begin PBXBuildFile section */
		785C46CB1E0ED99D0032D39F /* AppDelegate.swift in Sources */ = {isa = PBXBuildFile; fileRef = 785C46CA1E0ED99D0032D39F /* AppDelegate.swift */; };
		785C46D01E0ED99D0032D39F /* Main.storyboard in Resources */ = {isa = PBXBuildFile; fileRef = 785C46CE1E0ED99D0032D39F /* Main.storyboard */; };
		785C46D21E0ED99D0032D39F /* Assets.xcassets in Resources */ = {isa = PBXBuildFile; fileRef = 785C46D11E0ED99D0032D39F /* Assets.xcassets */; };
		785C46D51E0ED99D0032D39F /* LaunchScreen.storyboard in Resources */ = {isa = PBXBuildFile; fileRef = 785C46D31E0ED99D0032D39F /* LaunchScreen.storyboard */; };
		785C46DE1E0EDA530032D39F /* BreakoutView.swift in Sources */ = {isa = PBXBuildFile; fileRef = 785C46DD1E0EDA530032D39F /* BreakoutView.swift */; };
		785C46E01E0EDA600032D39F /* GameVC.swift in Sources */ = {isa = PBXBuildFile; fileRef = 785C46DF1E0EDA600032D39F /* GameVC.swift */; };
		789BA3DF1E5C777E0097A36D /* Extensions.swift in Sources */ = {isa = PBXBuildFile; fileRef = 789BA3DE1E5C777E0097A36D /* Extensions.swift */; };
		78C8E6991E5B321A0076A6D5 /* GameObjectsBehavior.swift in Sources */ = {isa = PBXBuildFile; fileRef = 78C8E6981E5B321A0076A6D5 /* GameObjectsBehavior.swift */; };
/* End PBXBuildFile section */

/* Begin PBXFileReference section */
		785C46C71E0ED99D0032D39F /* BreakoutGame.app */ = {isa = PBXFileReference; explicitFileType = wrapper.application; includeInIndex = 0; path = BreakoutGame.app; sourceTree = BUILT_PRODUCTS_DIR; };
		785C46CA1E0ED99D0032D39F /* AppDelegate.swift */ = {isa = PBXFileReference; lastKnownFileType = sourcecode.swift; path = AppDelegate.swift; sourceTree = "<group>"; };
		785C46CF1E0ED99D0032D39F /* Base */ = {isa = PBXFileReference; lastKnownFileType = file.storyboard; name = Base; path = Base.lproj/Main.storyboard; sourceTree = "<group>"; };
		785C46D11E0ED99D0032D39F /* Assets.xcassets */ = {isa = PBXFileReference; lastKnownFileType = folder.assetcatalog; path = Assets.xcassets; sourceTree = "<group>"; };
		785C46D41E0ED99D0032D39F /* Base */ = {isa = PBXFileReference; lastKnownFileType = file.storyboard; name = Base; path = Base.lproj/LaunchScreen.storyboard; sourceTree = "<group>"; };
		785C46D61E0ED99D0032D39F /* Info.plist */ = {isa = PBXFileReference; lastKnownFileType = text.plist.xml; path = Info.plist; sourceTree = "<group>"; };
		785C46DD1E0EDA530032D39F /* BreakoutView.swift */ = {isa = PBXFileReference; fileEncoding = 4; lastKnownFileType = sourcecode.swift; path = BreakoutView.swift; sourceTree = "<group>"; };
		785C46DF1E0EDA600032D39F /* GameVC.swift */ = {isa = PBXFileReference; fileEncoding = 4; lastKnownFileType = sourcecode.swift; path = GameVC.swift; sourceTree = "<group>"; };
		789BA3DE1E5C777E0097A36D /* Extensions.swift */ = {isa = PBXFileReference; fileEncoding = 4; lastKnownFileType = sourcecode.swift; path = Extensions.swift; sourceTree = "<group>"; };
		78C8E6981E5B321A0076A6D5 /* GameObjectsBehavior.swift */ = {isa = PBXFileReference; fileEncoding = 4; lastKnownFileType = sourcecode.swift; path = GameObjectsBehavior.swift; sourceTree = "<group>"; };
/* End PBXFileReference section */

/* Begin PBXFrameworksBuildPhase section */
		785C46C41E0ED99D0032D39F /* Frameworks */ = {
			isa = PBXFrameworksBuildPhase;
			buildActionMask = 2147483647;
			files = (
			);
			runOnlyForDeploymentPostprocessing = 0;
		};
/* End PBXFrameworksBuildPhase section */

/* Begin PBXGroup section */
		785C46BE1E0ED99D0032D39F = {
			isa = PBXGroup;
			children = (
				785C46C91E0ED99D0032D39F /* BreakoutGame */,
				785C46C81E0ED99D0032D39F /* Products */,
			);
			sourceTree = "<group>";
		};
		785C46C81E0ED99D0032D39F /* Products */ = {
			isa = PBXGroup;
			children = (
				785C46C71E0ED99D0032D39F /* BreakoutGame.app */,
			);
			name = Products;
			sourceTree = "<group>";
		};
		785C46C91E0ED99D0032D39F /* BreakoutGame */ = {
			isa = PBXGroup;
			children = (
				785C46DC1E0ED9C70032D39F /* Supporting Files */,
				785C46CE1E0ED99D0032D39F /* Main.storyboard */,
				785C46DD1E0EDA530032D39F /* BreakoutView.swift */,
				78C8E6981E5B321A0076A6D5 /* GameObjectsBehavior.swift */,
				789BA3DE1E5C777E0097A36D /* Extensions.swift */,
				785C46DF1E0EDA600032D39F /* GameVC.swift */,
			);
			path = BreakoutGame;
			sourceTree = "<group>";
		};
		785C46DC1E0ED9C70032D39F /* Supporting Files */ = {
			isa = PBXGroup;
			children = (
				785C46CA1E0ED99D0032D39F /* AppDelegate.swift */,
				785C46D11E0ED99D0032D39F /* Assets.xcassets */,
				785C46D31E0ED99D0032D39F /* LaunchScreen.storyboard */,
				785C46D61E0ED99D0032D39F /* Info.plist */,
			);
			name = "Supporting Files";
			sourceTree = "<group>";
		};
/* End PBXGroup section */

/* Begin PBXNativeTarget section */
		785C46C61E0ED99D0032D39F /* BreakoutGame */ = {
			isa = PBXNativeTarget;
			buildConfigurationList = 785C46D91E0ED99D0032D39F /* Build configuration list for PBXNativeTarget "BreakoutGame" */;
			buildPhases = (
				785C46C31E0ED99D0032D39F /* Sources */,
				785C46C41E0ED99D0032D39F /* Frameworks */,
				785C46C51E0ED99D0032D39F /* Resources */,
			);
			buildRules = (
			);
			dependencies = (
			);
			name = BreakoutGame;
			productName = BreakoutGame;
			productReference = 785C46C71E0ED99D0032D39F /* BreakoutGame.app */;
			productType = "com.apple.product-type.application";
		};
/* End PBXNativeTarget section */

/* Begin PBXProject section */
		785C46BF1E0ED99D0032D39F /* Project object */ = {
			isa = PBXProject;
			attributes = {
				LastSwiftUpdateCheck = 0810;
				LastUpgradeCheck = 0820;
				ORGANIZATIONNAME = "Игорь";
				TargetAttributes = {
					785C46C61E0ED99D0032D39F = {
						CreatedOnToolsVersion = 8.1;
						DevelopmentTeam = DHT72PESL4;
						ProvisioningStyle = Automatic;
					};
				};
			};
			buildConfigurationList = 785C46C21E0ED99D0032D39F /* Build configuration list for PBXProject "BreakoutGame" */;
			compatibilityVersion = "Xcode 3.2";
			developmentRegion = English;
			hasScannedForEncodings = 0;
			knownRegions = (
				en,
				Base,
			);
			mainGroup = 785C46BE1E0ED99D0032D39F;
			productRefGroup = 785C46C81E0ED99D0032D39F /* Products */;
			projectDirPath = "";
			projectRoot = "";
			targets = (
				785C46C61E0ED99D0032D39F /* BreakoutGame */,
			);
		};
/* End PBXProject section */

/* Begin PBXResourcesBuildPhase section */
		785C46C51E0ED99D0032D39F /* Resources */ = {
			isa = PBXResourcesBuildPhase;
			buildActionMask = 2147483647;
			files = (
				785C46D51E0ED99D0032D39F /* LaunchScreen.storyboard in Resources */,
				785C46D21E0ED99D0032D39F /* Assets.xcassets in Resources */,
				785C46D01E0ED99D0032D39F /* Main.storyboard in Resources */,
			);
			runOnlyForDeploymentPostprocessing = 0;
		};
/* End PBXResourcesBuildPhase section */

/* Begin PBXSourcesBuildPhase section */
		785C46C31E0ED99D0032D39F /* Sources */ = {
			isa = PBXSourcesBuildPhase;
			buildActionMask = 2147483647;
			files = (
				789BA3DF1E5C777E0097A36D /* Extensions.swift in Sources */,
				78C8E6991E5B321A0076A6D5 /* GameObjectsBehavior.swift in Sources */,
				785C46CB1E0ED99D0032D39F /* AppDelegate.swift in Sources */,
				785C46E01E0EDA600032D39F /* GameVC.swift in Sources */,
				785C46DE1E0EDA530032D39F /* BreakoutView.swift in Sources */,
			);
			runOnlyForDeploymentPostprocessing = 0;
		};
/* End PBXSourcesBuildPhase section */

/* Begin PBXVariantGroup section */
		785C46CE1E0ED99D0032D39F /* Main.storyboard */ = {
			isa = PBXVariantGroup;
			children = (
				785C46CF1E0ED99D0032D39F /* Base */,
			);
			name = Main.storyboard;
			sourceTree = "<group>";
		};
		785C46D31E0ED99D0032D39F /* LaunchScreen.storyboard */ = {
			isa = PBXVariantGroup;
			children = (
				785C46D41E0ED99D0032D39F /* Base */,
			);
			name = LaunchScreen.storyboard;
			sourceTree = "<group>";
		};
/* End PBXVariantGroup section */

/* Begin XCBuildConfiguration section */
		785C46D71E0ED99D0032D39F /* Debug */ = {
			isa = XCBuildConfiguration;
			buildSettings = {
				ALWAYS_SEARCH_USER_PATHS = NO;
				CLANG_ANALYZER_NONNULL = YES;
				CLANG_CXX_LANGUAGE_STANDARD = "gnu++0x";
				CLANG_CXX_LIBRARY = "libc++";
				CLANG_ENABLE_MODULES = YES;
				CLANG_ENABLE_OBJC_ARC = YES;
				CLANG_WARN_BOOL_CONVERSION = YES;
				CLANG_WARN_CONSTANT_CONVERSION = YES;
				CLANG_WARN_DIRECT_OBJC_ISA_USAGE = YES_ERROR;
				CLANG_WARN_DOCUMENTATION_COMMENTS = YES;
				CLANG_WARN_EMPTY_BODY = YES;
				CLANG_WARN_ENUM_CONVERSION = YES;
				CLANG_WARN_INFINITE_RECURSION = YES;
				CLANG_WARN_INT_CONVERSION = YES;
				CLANG_WARN_OBJC_ROOT_CLASS = YES_ERROR;
				CLANG_WARN_SUSPICIOUS_MOVE = YES;
				CLANG_WARN_SUSPICIOUS_MOVES = YES;
				CLANG_WARN_UNREACHABLE_CODE = YES;
				CLANG_WARN__DUPLICATE_METHOD_MATCH = YES;
				"CODE_SIGN_IDENTITY[sdk=iphoneos*]" = "iPhone Developer";
				COPY_PHASE_STRIP = NO;
				DEBUG_INFORMATION_FORMAT = dwarf;
				ENABLE_STRICT_OBJC_MSGSEND = YES;
				ENABLE_TESTABILITY = YES;
				GCC_C_LANGUAGE_STANDARD = gnu99;
				GCC_DYNAMIC_NO_PIC = NO;
				GCC_NO_COMMON_BLOCKS = YES;
				GCC_OPTIMIZATION_LEVEL = 0;
				GCC_PREPROCESSOR_DEFINITIONS = (
					"DEBUG=1",
					"$(inherited)",
				);
				GCC_WARN_64_TO_32_BIT_CONVERSION = YES;
				GCC_WARN_ABOUT_RETURN_TYPE = YES_ERROR;
				GCC_WARN_UNDECLARED_SELECTOR = YES;
				GCC_WARN_UNINITIALIZED_AUTOS = YES_AGGRESSIVE;
				GCC_WARN_UNUSED_FUNCTION = YES;
				GCC_WARN_UNUSED_VARIABLE = YES;
				IPHONEOS_DEPLOYMENT_TARGET = 10.1;
				MTL_ENABLE_DEBUG_INFO = YES;
				ONLY_ACTIVE_ARCH = YES;
				SDKROOT = iphoneos;
				SWIFT_ACTIVE_COMPILATION_CONDITIONS = DEBUG;
				SWIFT_OPTIMIZATION_LEVEL = "-Onone";
				TARGETED_DEVICE_FAMILY = "1,2";
			};
			name = Debug;
		};
		785C46D81E0ED99D0032D39F /* Release */ = {
			isa = XCBuildConfiguration;
			buildSettings = {
				ALWAYS_SEARCH_USER_PATHS = NO;
				CLANG_ANALYZER_NONNULL = YES;
				CLANG_CXX_LANGUAGE_STANDARD = "gnu++0x";
				CLANG_CXX_LIBRARY = "libc++";
				CLANG_ENABLE_MODULES = YES;
				CLANG_ENABLE_OBJC_ARC = YES;
				CLANG_WARN_BOOL_CONVERSION = YES;
				CLANG_WARN_CONSTANT_CONVERSION = YES;
				CLANG_WARN_DIRECT_OBJC_ISA_USAGE = YES_ERROR;
				CLANG_WARN_DOCUMENTATION_COMMENTS = YES;
				CLANG_WARN_EMPTY_BODY = YES;
				CLANG_WARN_ENUM_CONVERSION = YES;
				CLANG_WARN_INFINITE_RECURSION = YES;
				CLANG_WARN_INT_CONVERSION = YES;
				CLANG_WARN_OBJC_ROOT_CLASS = YES_ERROR;
				CLANG_WARN_SUSPICIOUS_MOVE = YES;
				CLANG_WARN_SUSPICIOUS_MOVES = YES;
				CLANG_WARN_UNREACHABLE_CODE = YES;
				CLANG_WARN__DUPLICATE_METHOD_MATCH = YES;
				"CODE_SIGN_IDENTITY[sdk=iphoneos*]" = "iPhone Developer";
				COPY_PHASE_STRIP = NO;
				DEBUG_INFORMATION_FORMAT = "dwarf-with-dsym";
				ENABLE_NS_ASSERTIONS = NO;
				ENABLE_STRICT_OBJC_MSGSEND = YES;
				GCC_C_LANGUAGE_STANDARD = gnu99;
				GCC_NO_COMMON_BLOCKS = YES;
				GCC_WARN_64_TO_32_BIT_CONVERSION = YES;
				GCC_WARN_ABOUT_RETURN_TYPE = YES_ERROR;
				GCC_WARN_UNDECLARED_SELECTOR = YES;
				GCC_WARN_UNINITIALIZED_AUTOS = YES_AGGRESSIVE;
				GCC_WARN_UNUSED_FUNCTION = YES;
				GCC_WARN_UNUSED_VARIABLE = YES;
				IPHONEOS_DEPLOYMENT_TARGET = 10.1;
				MTL_ENABLE_DEBUG_INFO = NO;
				SDKROOT = iphoneos;
				SWIFT_OPTIMIZATION_LEVEL = "-Owholemodule";
				TARGETED_DEVICE_FAMILY = "1,2";
				VALIDATE_PRODUCT = YES;
			};
			name = Release;
		};
		785C46DA1E0ED99D0032D39F /* Debug */ = {
			isa = XCBuildConfiguration;
			buildSettings = {
				ASSETCATALOG_COMPILER_APPICON_NAME = AppIcon;
				DEVELOPMENT_TEAM = DHT72PESL4;
				INFOPLIST_FILE = BreakoutGame/Info.plist;
				LD_RUNPATH_SEARCH_PATHS = "$(inherited) @executable_path/Frameworks";
				PRODUCT_BUNDLE_IDENTIFIER = VT.BreakoutGame;
				PRODUCT_NAME = "$(TARGET_NAME)";
				SWIFT_VERSION = 3.0;
			};
			name = Debug;
		};
		785C46DB1E0ED99D0032D39F /* Release */ = {
			isa = XCBuildConfiguration;
			buildSettings = {
				ASSETCATALOG_COMPILER_APPICON_NAME = AppIcon;
				DEVELOPMENT_TEAM = DHT72PESL4;
				INFOPLIST_FILE = BreakoutGame/Info.plist;
				LD_RUNPATH_SEARCH_PATHS = "$(inherited) @executable_path/Frameworks";
				PRODUCT_BUNDLE_IDENTIFIER = VT.BreakoutGame;
				PRODUCT_NAME = "$(TARGET_NAME)";
				SWIFT_VERSION = 3.0;
			};
			name = Release;
		};
/* End XCBuildConfiguration section */

/* Begin XCConfigurationList section */
		785C46C21E0ED99D0032D39F /* Build configuration list for PBXProject "BreakoutGame" */ = {
			isa = XCConfigurationList;
			buildConfigurations = (
				785C46D71E0ED99D0032D39F /* Debug */,
				785C46D81E0ED99D0032D39F /* Release */,
			);
			defaultConfigurationIsVisible = 0;
			defaultConfigurationName = Release;
		};
		785C46D91E0ED99D0032D39F /* Build configuration list for PBXNativeTarget "BreakoutGame" */ = {
			isa = XCConfigurationList;
			buildConfigurations = (
				785C46DA1E0ED99D0032D39F /* Debug */,
				785C46DB1E0ED99D0032D39F /* Release */,
			);
			defaultConfigurationIsVisible = 0;
			defaultConfigurationName = Release;
		};
/* End XCConfigurationList section */
	};
	rootObject = 785C46BF1E0ED99D0032D39F /* Project object */;
}
